// !$*UTF8*$!
{
	archiveVersion = 1;
	classes = {
	};
	objectVersion = 56;
	objects = {

/* Begin PBXBuildFile section */
		B42EB0B22B743C7100BB603E /* AboutView.swift in Sources */ = {isa = PBXBuildFile; fileRef = B42EB0B12B743C7100BB603E /* AboutView.swift */; };
		B4C391CA2B72F4B600C06D2D /* My_SalaryApp.swift in Sources */ = {isa = PBXBuildFile; fileRef = B4C391C92B72F4B600C06D2D /* My_SalaryApp.swift */; };
		B4C391CE2B72F4BF00C06D2D /* Assets.xcassets in Resources */ = {isa = PBXBuildFile; fileRef = B4C391CD2B72F4BF00C06D2D /* Assets.xcassets */; };
		B4C391D12B72F4BF00C06D2D /* Preview Assets.xcassets in Resources */ = {isa = PBXBuildFile; fileRef = B4C391D02B72F4BF00C06D2D /* Preview Assets.xcassets */; };
		B4C391DB2B72FC3C00C06D2D /* CustomTextFieldStyle.swift in Sources */ = {isa = PBXBuildFile; fileRef = B4C391DA2B72FC3C00C06D2D /* CustomTextFieldStyle.swift */; };
		B4C391DD2B72FCA300C06D2D /* SalaryModel.swift in Sources */ = {isa = PBXBuildFile; fileRef = B4C391DC2B72FCA300C06D2D /* SalaryModel.swift */; };
		B4C391DF2B72FDF700C06D2D /* HomeView.swift in Sources */ = {isa = PBXBuildFile; fileRef = B4C391DE2B72FDF700C06D2D /* HomeView.swift */; };
		B4C391E12B73055E00C06D2D /* CalculationView.swift in Sources */ = {isa = PBXBuildFile; fileRef = B4C391E02B73055E00C06D2D /* CalculationView.swift */; };
		B4C391E32B73066D00C06D2D /* TextFieldsAndButtonView.swift in Sources */ = {isa = PBXBuildFile; fileRef = B4C391E22B73066D00C06D2D /* TextFieldsAndButtonView.swift */; };
		B4C391E52B73076E00C06D2D /* SalaryViewModel.swift in Sources */ = {isa = PBXBuildFile; fileRef = B4C391E42B73076E00C06D2D /* SalaryViewModel.swift */; };
		B4C391E72B730B4900C06D2D /* SalaryResultView.swift in Sources */ = {isa = PBXBuildFile; fileRef = B4C391E62B730B4900C06D2D /* SalaryResultView.swift */; };
/* End PBXBuildFile section */

/* Begin PBXFileReference section */
		B42EB0B12B743C7100BB603E /* AboutView.swift */ = {isa = PBXFileReference; lastKnownFileType = sourcecode.swift; path = AboutView.swift; sourceTree = "<group>"; };
		B4C391C62B72F4B600C06D2D /* My Salary.app */ = {isa = PBXFileReference; explicitFileType = wrapper.application; includeInIndex = 0; path = "My Salary.app"; sourceTree = BUILT_PRODUCTS_DIR; };
		B4C391C92B72F4B600C06D2D /* My_SalaryApp.swift */ = {isa = PBXFileReference; lastKnownFileType = sourcecode.swift; path = My_SalaryApp.swift; sourceTree = "<group>"; };
		B4C391CD2B72F4BF00C06D2D /* Assets.xcassets */ = {isa = PBXFileReference; lastKnownFileType = folder.assetcatalog; path = Assets.xcassets; sourceTree = "<group>"; };
		B4C391D02B72F4BF00C06D2D /* Preview Assets.xcassets */ = {isa = PBXFileReference; lastKnownFileType = folder.assetcatalog; path = "Preview Assets.xcassets"; sourceTree = "<group>"; };
		B4C391DA2B72FC3C00C06D2D /* CustomTextFieldStyle.swift */ = {isa = PBXFileReference; lastKnownFileType = sourcecode.swift; path = CustomTextFieldStyle.swift; sourceTree = "<group>"; };
		B4C391DC2B72FCA300C06D2D /* SalaryModel.swift */ = {isa = PBXFileReference; lastKnownFileType = sourcecode.swift; path = SalaryModel.swift; sourceTree = "<group>"; };
		B4C391DE2B72FDF700C06D2D /* HomeView.swift */ = {isa = PBXFileReference; lastKnownFileType = sourcecode.swift; path = HomeView.swift; sourceTree = "<group>"; };
		B4C391E02B73055E00C06D2D /* CalculationView.swift */ = {isa = PBXFileReference; lastKnownFileType = sourcecode.swift; path = CalculationView.swift; sourceTree = "<group>"; };
		B4C391E22B73066D00C06D2D /* TextFieldsAndButtonView.swift */ = {isa = PBXFileReference; lastKnownFileType = sourcecode.swift; path = TextFieldsAndButtonView.swift; sourceTree = "<group>"; };
		B4C391E42B73076E00C06D2D /* SalaryViewModel.swift */ = {isa = PBXFileReference; lastKnownFileType = sourcecode.swift; path = SalaryViewModel.swift; sourceTree = "<group>"; };
		B4C391E62B730B4900C06D2D /* SalaryResultView.swift */ = {isa = PBXFileReference; lastKnownFileType = sourcecode.swift; path = SalaryResultView.swift; sourceTree = "<group>"; };
/* End PBXFileReference section */

/* Begin PBXFrameworksBuildPhase section */
		B4C391C32B72F4B600C06D2D /* Frameworks */ = {
			isa = PBXFrameworksBuildPhase;
			buildActionMask = 2147483647;
			files = (
			);
			runOnlyForDeploymentPostprocessing = 0;
		};
/* End PBXFrameworksBuildPhase section */

/* Begin PBXGroup section */
		B4C391BD2B72F4B500C06D2D = {
			isa = PBXGroup;
			children = (
				B4C391C82B72F4B600C06D2D /* My Salary */,
				B4C391C72B72F4B600C06D2D /* Products */,
			);
			sourceTree = "<group>";
		};
		B4C391C72B72F4B600C06D2D /* Products */ = {
			isa = PBXGroup;
			children = (
				B4C391C62B72F4B600C06D2D /* My Salary.app */,
			);
			name = Products;
			sourceTree = "<group>";
		};
		B4C391C82B72F4B600C06D2D /* My Salary */ = {
			isa = PBXGroup;
			children = (
				B4C391C92B72F4B600C06D2D /* My_SalaryApp.swift */,
				B4C391D92B72F68600C06D2D /* ViewModel */,
				B4C391D82B72F66C00C06D2D /* Views */,
				B4C391D72B72F65900C06D2D /* Models */,
				B4C391CD2B72F4BF00C06D2D /* Assets.xcassets */,
				B4C391CF2B72F4BF00C06D2D /* Preview Content */,
			);
			path = "My Salary";
			sourceTree = "<group>";
		};
		B4C391CF2B72F4BF00C06D2D /* Preview Content */ = {
			isa = PBXGroup;
			children = (
				B4C391D02B72F4BF00C06D2D /* Preview Assets.xcassets */,
			);
			path = "Preview Content";
			sourceTree = "<group>";
		};
		B4C391D72B72F65900C06D2D /* Models */ = {
			isa = PBXGroup;
			children = (
				B4C391DA2B72FC3C00C06D2D /* CustomTextFieldStyle.swift */,
				B4C391DC2B72FCA300C06D2D /* SalaryModel.swift */,
			);
			path = Models;
			sourceTree = "<group>";
		};
		B4C391D82B72F66C00C06D2D /* Views */ = {
			isa = PBXGroup;
			children = (
				B4C391DE2B72FDF700C06D2D /* HomeView.swift */,
				B4C391E02B73055E00C06D2D /* CalculationView.swift */,
				B4C391E22B73066D00C06D2D /* TextFieldsAndButtonView.swift */,
				B4C391E62B730B4900C06D2D /* SalaryResultView.swift */,
				B42EB0B12B743C7100BB603E /* AboutView.swift */,
			);
			path = Views;
			sourceTree = "<group>";
		};
		B4C391D92B72F68600C06D2D /* ViewModel */ = {
			isa = PBXGroup;
			children = (
				B4C391E42B73076E00C06D2D /* SalaryViewModel.swift */,
			);
			path = ViewModel;
			sourceTree = "<group>";
		};
/* End PBXGroup section */

/* Begin PBXNativeTarget section */
		B4C391C52B72F4B600C06D2D /* My Salary */ = {
			isa = PBXNativeTarget;
			buildConfigurationList = B4C391D42B72F4BF00C06D2D /* Build configuration list for PBXNativeTarget "My Salary" */;
			buildPhases = (
				B4C391C22B72F4B600C06D2D /* Sources */,
				B4C391C32B72F4B600C06D2D /* Frameworks */,
				B4C391C42B72F4B600C06D2D /* Resources */,
			);
			buildRules = (
			);
			dependencies = (
			);
			name = "My Salary";
			productName = "My Salary";
			productReference = B4C391C62B72F4B600C06D2D /* My Salary.app */;
			productType = "com.apple.product-type.application";
		};
/* End PBXNativeTarget section */

/* Begin PBXProject section */
		B4C391BE2B72F4B500C06D2D /* Project object */ = {
			isa = PBXProject;
			attributes = {
				BuildIndependentTargetsInParallel = 1;
				LastSwiftUpdateCheck = 1520;
				LastUpgradeCheck = 1520;
				TargetAttributes = {
					B4C391C52B72F4B600C06D2D = {
						CreatedOnToolsVersion = 15.2;
					};
				};
			};
			buildConfigurationList = B4C391C12B72F4B500C06D2D /* Build configuration list for PBXProject "My Salary" */;
			compatibilityVersion = "Xcode 14.0";
			developmentRegion = ar;
			hasScannedForEncodings = 0;
			knownRegions = (
				ar,
				Base,
				en,
			);
			mainGroup = B4C391BD2B72F4B500C06D2D;
			productRefGroup = B4C391C72B72F4B600C06D2D /* Products */;
			projectDirPath = "";
			projectRoot = "";
			targets = (
				B4C391C52B72F4B600C06D2D /* My Salary */,
			);
		};
/* End PBXProject section */

/* Begin PBXResourcesBuildPhase section */
		B4C391C42B72F4B600C06D2D /* Resources */ = {
			isa = PBXResourcesBuildPhase;
			buildActionMask = 2147483647;
			files = (
				B4C391D12B72F4BF00C06D2D /* Preview Assets.xcassets in Resources */,
				B4C391CE2B72F4BF00C06D2D /* Assets.xcassets in Resources */,
			);
			runOnlyForDeploymentPostprocessing = 0;
		};
/* End PBXResourcesBuildPhase section */

/* Begin PBXSourcesBuildPhase section */
		B4C391C22B72F4B600C06D2D /* Sources */ = {
			isa = PBXSourcesBuildPhase;
			buildActionMask = 2147483647;
			files = (
				B4C391DD2B72FCA300C06D2D /* SalaryModel.swift in Sources */,
				B4C391CA2B72F4B600C06D2D /* My_SalaryApp.swift in Sources */,
				B4C391E32B73066D00C06D2D /* TextFieldsAndButtonView.swift in Sources */,
				B4C391DF2B72FDF700C06D2D /* HomeView.swift in Sources */,
				B42EB0B22B743C7100BB603E /* AboutView.swift in Sources */,
				B4C391E12B73055E00C06D2D /* CalculationView.swift in Sources */,
				B4C391E52B73076E00C06D2D /* SalaryViewModel.swift in Sources */,
				B4C391DB2B72FC3C00C06D2D /* CustomTextFieldStyle.swift in Sources */,
				B4C391E72B730B4900C06D2D /* SalaryResultView.swift in Sources */,
			);
			runOnlyForDeploymentPostprocessing = 0;
		};
/* End PBXSourcesBuildPhase section */

/* Begin XCBuildConfiguration section */
		B4C391D22B72F4BF00C06D2D /* Debug */ = {
			isa = XCBuildConfiguration;
			buildSettings = {
				ALWAYS_SEARCH_USER_PATHS = NO;
				ASSETCATALOG_COMPILER_GENERATE_SWIFT_ASSET_SYMBOL_EXTENSIONS = YES;
				CLANG_ANALYZER_NONNULL = YES;
				CLANG_ANALYZER_NUMBER_OBJECT_CONVERSION = YES_AGGRESSIVE;
				CLANG_CXX_LANGUAGE_STANDARD = "gnu++20";
				CLANG_ENABLE_MODULES = YES;
				CLANG_ENABLE_OBJC_ARC = YES;
				CLANG_ENABLE_OBJC_WEAK = YES;
				CLANG_WARN_BLOCK_CAPTURE_AUTORELEASING = YES;
				CLANG_WARN_BOOL_CONVERSION = YES;
				CLANG_WARN_COMMA = YES;
				CLANG_WARN_CONSTANT_CONVERSION = YES;
				CLANG_WARN_DEPRECATED_OBJC_IMPLEMENTATIONS = YES;
				CLANG_WARN_DIRECT_OBJC_ISA_USAGE = YES_ERROR;
				CLANG_WARN_DOCUMENTATION_COMMENTS = YES;
				CLANG_WARN_EMPTY_BODY = YES;
				CLANG_WARN_ENUM_CONVERSION = YES;
				CLANG_WARN_INFINITE_RECURSION = YES;
				CLANG_WARN_INT_CONVERSION = YES;
				CLANG_WARN_NON_LITERAL_NULL_CONVERSION = YES;
				CLANG_WARN_OBJC_IMPLICIT_RETAIN_SELF = YES;
				CLANG_WARN_OBJC_LITERAL_CONVERSION = YES;
				CLANG_WARN_OBJC_ROOT_CLASS = YES_ERROR;
				CLANG_WARN_QUOTED_INCLUDE_IN_FRAMEWORK_HEADER = YES;
				CLANG_WARN_RANGE_LOOP_ANALYSIS = YES;
				CLANG_WARN_STRICT_PROTOTYPES = YES;
				CLANG_WARN_SUSPICIOUS_MOVE = YES;
				CLANG_WARN_UNGUARDED_AVAILABILITY = YES_AGGRESSIVE;
				CLANG_WARN_UNREACHABLE_CODE = YES;
				CLANG_WARN__DUPLICATE_METHOD_MATCH = YES;
				COPY_PHASE_STRIP = NO;
				DEBUG_INFORMATION_FORMAT = dwarf;
				ENABLE_STRICT_OBJC_MSGSEND = YES;
				ENABLE_TESTABILITY = YES;
				ENABLE_USER_SCRIPT_SANDBOXING = YES;
				GCC_C_LANGUAGE_STANDARD = gnu17;
				GCC_DYNAMIC_NO_PIC = NO;
				GCC_NO_COMMON_BLOCKS = YES;
				GCC_OPTIMIZATION_LEVEL = 0;
				GCC_PREPROCESSOR_DEFINITIONS = (
					"DEBUG=1",
					"$(inherited)",
				);
				GCC_WARN_64_TO_32_BIT_CONVERSION = YES;
				GCC_WARN_ABOUT_RETURN_TYPE = YES_ERROR;
				GCC_WARN_UNDECLARED_SELECTOR = YES;
				GCC_WARN_UNINITIALIZED_AUTOS = YES_AGGRESSIVE;
				GCC_WARN_UNUSED_FUNCTION = YES;
				GCC_WARN_UNUSED_VARIABLE = YES;
				IPHONEOS_DEPLOYMENT_TARGET = 17.2;
				LOCALIZATION_PREFERS_STRING_CATALOGS = YES;
				MTL_ENABLE_DEBUG_INFO = INCLUDE_SOURCE;
				MTL_FAST_MATH = YES;
				ONLY_ACTIVE_ARCH = YES;
				SDKROOT = iphoneos;
				SWIFT_ACTIVE_COMPILATION_CONDITIONS = "DEBUG $(inherited)";
				SWIFT_OPTIMIZATION_LEVEL = "-Onone";
			};
			name = Debug;
		};
		B4C391D32B72F4BF00C06D2D /* Release */ = {
			isa = XCBuildConfiguration;
			buildSettings = {
				ALWAYS_SEARCH_USER_PATHS = NO;
				ASSETCATALOG_COMPILER_GENERATE_SWIFT_ASSET_SYMBOL_EXTENSIONS = YES;
				CLANG_ANALYZER_NONNULL = YES;
				CLANG_ANALYZER_NUMBER_OBJECT_CONVERSION = YES_AGGRESSIVE;
				CLANG_CXX_LANGUAGE_STANDARD = "gnu++20";
				CLANG_ENABLE_MODULES = YES;
				CLANG_ENABLE_OBJC_ARC = YES;
				CLANG_ENABLE_OBJC_WEAK = YES;
				CLANG_WARN_BLOCK_CAPTURE_AUTORELEASING = YES;
				CLANG_WARN_BOOL_CONVERSION = YES;
				CLANG_WARN_COMMA = YES;
				CLANG_WARN_CONSTANT_CONVERSION = YES;
				CLANG_WARN_DEPRECATED_OBJC_IMPLEMENTATIONS = YES;
				CLANG_WARN_DIRECT_OBJC_ISA_USAGE = YES_ERROR;
				CLANG_WARN_DOCUMENTATION_COMMENTS = YES;
				CLANG_WARN_EMPTY_BODY = YES;
				CLANG_WARN_ENUM_CONVERSION = YES;
				CLANG_WARN_INFINITE_RECURSION = YES;
				CLANG_WARN_INT_CONVERSION = YES;
				CLANG_WARN_NON_LITERAL_NULL_CONVERSION = YES;
				CLANG_WARN_OBJC_IMPLICIT_RETAIN_SELF = YES;
				CLANG_WARN_OBJC_LITERAL_CONVERSION = YES;
				CLANG_WARN_OBJC_ROOT_CLASS = YES_ERROR;
				CLANG_WARN_QUOTED_INCLUDE_IN_FRAMEWORK_HEADER = YES;
				CLANG_WARN_RANGE_LOOP_ANALYSIS = YES;
				CLANG_WARN_STRICT_PROTOTYPES = YES;
				CLANG_WARN_SUSPICIOUS_MOVE = YES;
				CLANG_WARN_UNGUARDED_AVAILABILITY = YES_AGGRESSIVE;
				CLANG_WARN_UNREACHABLE_CODE = YES;
				CLANG_WARN__DUPLICATE_METHOD_MATCH = YES;
				COPY_PHASE_STRIP = NO;
				DEBUG_INFORMATION_FORMAT = "dwarf-with-dsym";
				ENABLE_NS_ASSERTIONS = NO;
				ENABLE_STRICT_OBJC_MSGSEND = YES;
				ENABLE_USER_SCRIPT_SANDBOXING = YES;
				GCC_C_LANGUAGE_STANDARD = gnu17;
				GCC_NO_COMMON_BLOCKS = YES;
				GCC_WARN_64_TO_32_BIT_CONVERSION = YES;
				GCC_WARN_ABOUT_RETURN_TYPE = YES_ERROR;
				GCC_WARN_UNDECLARED_SELECTOR = YES;
				GCC_WARN_UNINITIALIZED_AUTOS = YES_AGGRESSIVE;
				GCC_WARN_UNUSED_FUNCTION = YES;
				GCC_WARN_UNUSED_VARIABLE = YES;
				IPHONEOS_DEPLOYMENT_TARGET = 17.2;
				LOCALIZATION_PREFERS_STRING_CATALOGS = YES;
				MTL_ENABLE_DEBUG_INFO = NO;
				MTL_FAST_MATH = YES;
				SDKROOT = iphoneos;
				SWIFT_COMPILATION_MODE = wholemodule;
				VALIDATE_PRODUCT = YES;
			};
			name = Release;
		};
		B4C391D52B72F4BF00C06D2D /* Debug */ = {
			isa = XCBuildConfiguration;
			buildSettings = {
				ASSETCATALOG_COMPILER_APPICON_NAME = AppIcon;
				ASSETCATALOG_COMPILER_GLOBAL_ACCENT_COLOR_NAME = AccentColor;
				CODE_SIGN_STYLE = Automatic;
				CURRENT_PROJECT_VERSION = 1;
				DEVELOPMENT_ASSET_PATHS = "\"My Salary/Preview Content\"";
				DEVELOPMENT_TEAM = XJ2L4S7578;
				ENABLE_PREVIEWS = YES;
				GENERATE_INFOPLIST_FILE = YES;
				INFOPLIST_KEY_CFBundleDisplayName = "My Salary";
				INFOPLIST_KEY_UIApplicationSceneManifest_Generation = YES;
				INFOPLIST_KEY_UIApplicationSupportsIndirectInputEvents = YES;
				INFOPLIST_KEY_UILaunchScreen_Generation = YES;
				INFOPLIST_KEY_UISupportedInterfaceOrientations = UIInterfaceOrientationPortrait;
				IPHONEOS_DEPLOYMENT_TARGET = 16.0;
				LD_RUNPATH_SEARCH_PATHS = (
					"$(inherited)",
					"@executable_path/Frameworks",
				);
				MARKETING_VERSION = 1.0;
				PRODUCT_BUNDLE_IDENTIFIER = "com.benissa.My-Salary";
				PRODUCT_NAME = "$(TARGET_NAME)";
				SWIFT_EMIT_LOC_STRINGS = YES;
				SWIFT_VERSION = 5.0;
				TARGETED_DEVICE_FAMILY = "1,2";
			};
			name = Debug;
		};
		B4C391D62B72F4BF00C06D2D /* Release */ = {
			isa = XCBuildConfiguration;
			buildSettings = {
				ASSETCATALOG_COMPILER_APPICON_NAME = AppIcon;
				ASSETCATALOG_COMPILER_GLOBAL_ACCENT_COLOR_NAME = AccentColor;
				CODE_SIGN_STYLE = Automatic;
				CURRENT_PROJECT_VERSION = 1;
				DEVELOPMENT_ASSET_PATHS = "\"My Salary/Preview Content\"";
				DEVELOPMENT_TEAM = XJ2L4S7578;
				ENABLE_PREVIEWS = YES;
				GENERATE_INFOPLIST_FILE = YES;
				INFOPLIST_KEY_CFBundleDisplayName = "My Salary";
				INFOPLIST_KEY_UIApplicationSceneManifest_Generation = YES;
				INFOPLIST_KEY_UIApplicationSupportsIndirectInputEvents = YES;
				INFOPLIST_KEY_UILaunchScreen_Generation = YES;
				INFOPLIST_KEY_UISupportedInterfaceOrientations = UIInterfaceOrientationPortrait;
				IPHONEOS_DEPLOYMENT_TARGET = 16.0;
				LD_RUNPATH_SEARCH_PATHS = (
					"$(inherited)",
					"@executable_path/Frameworks",
				);
				MARKETING_VERSION = 1.0;
				PRODUCT_BUNDLE_IDENTIFIER = "com.benissa.My-Salary";
				PRODUCT_NAME = "$(TARGET_NAME)";
				SWIFT_EMIT_LOC_STRINGS = YES;
				SWIFT_VERSION = 5.0;
				TARGETED_DEVICE_FAMILY = "1,2";
			};
			name = Release;
		};
/* End XCBuildConfiguration section */

/* Begin XCConfigurationList section */
		B4C391C12B72F4B500C06D2D /* Build configuration list for PBXProject "My Salary" */ = {
			isa = XCConfigurationList;
			buildConfigurations = (
				B4C391D22B72F4BF00C06D2D /* Debug */,
				B4C391D32B72F4BF00C06D2D /* Release */,
			);
			defaultConfigurationIsVisible = 0;
			defaultConfigurationName = Release;
		};
		B4C391D42B72F4BF00C06D2D /* Build configuration list for PBXNativeTarget "My Salary" */ = {
			isa = XCConfigurationList;
			buildConfigurations = (
				B4C391D52B72F4BF00C06D2D /* Debug */,
				B4C391D62B72F4BF00C06D2D /* Release */,
			);
			defaultConfigurationIsVisible = 0;
			defaultConfigurationName = Release;
		};
/* End XCConfigurationList section */
	};
	rootObject = B4C391BE2B72F4B500C06D2D /* Project object */;
}
